
Microsoft Visual Studio Solution File, Format Version 12.00
# Visual Studio Version 17
VisualStudioVersion = 17.3.32922.545
MinimumVisualStudioVersion = 10.0.40219.1
Project("{FAE04EC0-301F-11D3-BF4B-00C04F79EFBC}") = "Exe4_031", "Exe4_031\Exe4_031.csproj", "{1C016558-929F-4BE6-BA32-C102FA49F623}"
EndProject
Global
	GlobalSection(SolutionConfigurationPlatforms) = preSolution
		Debug|Any CPU = Debug|Any CPU
		Release|Any CPU = Release|Any CPU
	EndGlobalSection
	GlobalSection(ProjectConfigurationPlatforms) = postSolution
		{1C016558-929F-4BE6-BA32-C102FA49F623}.Debug|Any CPU.ActiveCfg = Debug|Any CPU
		{1C016558-929F-4BE6-BA32-C102FA49F623}.Debug|Any CPU.Build.0 = Debug|Any CPU
		{1C016558-929F-4BE6-BA32-C102FA49F623}.Release|Any CPU.ActiveCfg = Release|Any CPU
		{1C016558-929F-4BE6-BA32-C102FA49F623}.Release|Any CPU.Build.0 = Release|Any CPU
	EndGlobalSection
	GlobalSection(SolutionProperties) = preSolution
		HideSolutionNode = FALSE
	EndGlobalSection
	GlobalSection(ExtensibilityGlobals) = postSolution
		SolutionGuid = {2BA1C659-F5DA-4304-857F-BB4CDAC0AC09}
	EndGlobalSection
EndGlobal
